
Microsoft Visual Studio Solution File, Format Version 12.00
# Visual Studio Version 17
VisualStudioVersion = 17.5.002.0
MinimumVisualStudioVersion = 10.0.40219.1
Project("{9A19103F-16F7-4668-BE54-9A1E7A4F7556}") = "awsapi", "awsapi\awsapi.csproj", "{816C6CA8-81A6-4BC2-A219-89E5E857ECCA}"
EndProject
Global
	GlobalSection(SolutionConfigurationPlatforms) = preSolution
		Debug|Any CPU = Debug|Any CPU
		Release|Any CPU = Release|Any CPU
	EndGlobalSection
	GlobalSection(ProjectConfigurationPlatforms) = postSolution
		{816C6CA8-81A6-4BC2-A219-89E5E857ECCA}.Debug|Any CPU.ActiveCfg = Debug|Any CPU
		{816C6CA8-81A6-4BC2-A219-89E5E857ECCA}.Debug|Any CPU.Build.0 = Debug|Any CPU
		{816C6CA8-81A6-4BC2-A219-89E5E857ECCA}.Release|Any CPU.ActiveCfg = Release|Any CPU
		{816C6CA8-81A6-4BC2-A219-89E5E857ECCA}.Release|Any CPU.Build.0 = Release|Any CPU
	EndGlobalSection
	GlobalSection(SolutionProperties) = preSolution
		HideSolutionNode = FALSE
	EndGlobalSection
	GlobalSection(ExtensibilityGlobals) = postSolution
		SolutionGuid = {CC80C7D7-2184-4052-BFA7-99A938D7C463}
	EndGlobalSection
EndGlobal
